// !$*UTF8*$!
{
	archiveVersion = 1;
	classes = {
	};
	objectVersion = 46;
	objects = {

/* Begin PBXBuildFile section */
		762F0547150502DD00C7319C /* UIKit.framework in Frameworks */ = {isa = PBXBuildFile; fileRef = 762F0546150502DD00C7319C /* UIKit.framework */; };
		762F0549150502DD00C7319C /* Foundation.framework in Frameworks */ = {isa = PBXBuildFile; fileRef = 762F0548150502DD00C7319C /* Foundation.framework */; };
		762F054B150502DD00C7319C /* CoreGraphics.framework in Frameworks */ = {isa = PBXBuildFile; fileRef = 762F054A150502DD00C7319C /* CoreGraphics.framework */; };
		762F0551150502DD00C7319C /* InfoPlist.strings in Resources */ = {isa = PBXBuildFile; fileRef = 762F054F150502DD00C7319C /* InfoPlist.strings */; };
		762F0553150502DD00C7319C /* main.m in Sources */ = {isa = PBXBuildFile; fileRef = 762F0552150502DD00C7319C /* main.m */; };
		762F0557150502DD00C7319C /* AppDelegate.m in Sources */ = {isa = PBXBuildFile; fileRef = 762F0556150502DD00C7319C /* AppDelegate.m */; };
		762F0560150502DD00C7319C /* ViewController.m in Sources */ = {isa = PBXBuildFile; fileRef = 762F055F150502DD00C7319C /* ViewController.m */; };
		762F0568150502DD00C7319C /* SenTestingKit.framework in Frameworks */ = {isa = PBXBuildFile; fileRef = 762F0567150502DD00C7319C /* SenTestingKit.framework */; };
		762F0569150502DD00C7319C /* UIKit.framework in Frameworks */ = {isa = PBXBuildFile; fileRef = 762F0546150502DD00C7319C /* UIKit.framework */; };
		762F056A150502DD00C7319C /* Foundation.framework in Frameworks */ = {isa = PBXBuildFile; fileRef = 762F0548150502DD00C7319C /* Foundation.framework */; };
		762F0572150502DD00C7319C /* InfoPlist.strings in Resources */ = {isa = PBXBuildFile; fileRef = 762F0570150502DD00C7319C /* InfoPlist.strings */; };
		762F0575150502DD00C7319C /* FacebookDevStoryTests.m in Sources */ = {isa = PBXBuildFile; fileRef = 762F0574150502DD00C7319C /* FacebookDevStoryTests.m */; };
		762F05921505042900C7319C /* FBDialog.bundle in Resources */ = {isa = PBXBuildFile; fileRef = 762F05851505042900C7319C /* FBDialog.bundle */; };
		762F05931505042900C7319C /* libfacebook_ios_sdk.a in Frameworks */ = {isa = PBXBuildFile; fileRef = 762F058B1505042900C7319C /* libfacebook_ios_sdk.a */; };
		BF8CE278150512F2005E5D9D /* OpenGLES.framework in Frameworks */ = {isa = PBXBuildFile; fileRef = BF8CE277150512F2005E5D9D /* OpenGLES.framework */; };
		BF8CE27A1505137C005E5D9D /* GLKit.framework in Frameworks */ = {isa = PBXBuildFile; fileRef = BF8CE2791505137C005E5D9D /* GLKit.framework */; };
		BF8CE27F15051462005E5D9D /* ViewController_iPad.xib in Resources */ = {isa = PBXBuildFile; fileRef = BF8CE27B15051462005E5D9D /* ViewController_iPad.xib */; };
		BF8CE28015051462005E5D9D /* ViewController_iPhone.xib in Resources */ = {isa = PBXBuildFile; fileRef = BF8CE27D15051462005E5D9D /* ViewController_iPhone.xib */; };
		BFB4060215051B09008E58D8 /* blue.png in Resources */ = {isa = PBXBuildFile; fileRef = BFB405FD15051B09008E58D8 /* blue.png */; };
		BFB4060315051B09008E58D8 /* green.png in Resources */ = {isa = PBXBuildFile; fileRef = BFB405FE15051B09008E58D8 /* green.png */; };
		BFB4060415051B09008E58D8 /* happy.png in Resources */ = {isa = PBXBuildFile; fileRef = BFB405FF15051B09008E58D8 /* happy.png */; };
		BFB4060515051B09008E58D8 /* red.png in Resources */ = {isa = PBXBuildFile; fileRef = BFB4060015051B09008E58D8 /* red.png */; };
		BFB4060615051B09008E58D8 /* sad.png in Resources */ = {isa = PBXBuildFile; fileRef = BFB4060115051B09008E58D8 /* sad.png */; };
/* End PBXBuildFile section */

/* Begin PBXContainerItemProxy section */
		762F056B150502DD00C7319C /* PBXContainerItemProxy */ = {
			isa = PBXContainerItemProxy;
			containerPortal = 762F0539150502DD00C7319C /* Project object */;
			proxyType = 1;
			remoteGlobalIDString = 762F0541150502DD00C7319C;
			remoteInfo = FacebookDevStory;
		};
/* End PBXContainerItemProxy section */

/* Begin PBXFileReference section */
		762F0542150502DD00C7319C /* FBDevStory.app */ = {isa = PBXFileReference; explicitFileType = wrapper.application; includeInIndex = 0; path = FBDevStory.app; sourceTree = BUILT_PRODUCTS_DIR; };
		762F0546150502DD00C7319C /* UIKit.framework */ = {isa = PBXFileReference; lastKnownFileType = wrapper.framework; name = UIKit.framework; path = System/Library/Frameworks/UIKit.framework; sourceTree = SDKROOT; };
		762F0548150502DD00C7319C /* Foundation.framework */ = {isa = PBXFileReference; lastKnownFileType = wrapper.framework; name = Foundation.framework; path = System/Library/Frameworks/Foundation.framework; sourceTree = SDKROOT; };
		762F054A150502DD00C7319C /* CoreGraphics.framework */ = {isa = PBXFileReference; lastKnownFileType = wrapper.framework; name = CoreGraphics.framework; path = System/Library/Frameworks/CoreGraphics.framework; sourceTree = SDKROOT; };
		762F054E150502DD00C7319C /* FBDevStory-Info.plist */ = {isa = PBXFileReference; lastKnownFileType = text.plist.xml; path = "FBDevStory-Info.plist"; sourceTree = "<group>"; };
		762F0550150502DD00C7319C /* en */ = {isa = PBXFileReference; lastKnownFileType = text.plist.strings; name = en; path = en.lproj/InfoPlist.strings; sourceTree = "<group>"; };
		762F0552150502DD00C7319C /* main.m */ = {isa = PBXFileReference; lastKnownFileType = sourcecode.c.objc; path = main.m; sourceTree = "<group>"; };
		762F0554150502DD00C7319C /* FBDevStory-Prefix.pch */ = {isa = PBXFileReference; lastKnownFileType = sourcecode.c.h; path = "FBDevStory-Prefix.pch"; sourceTree = "<group>"; };
		762F0555150502DD00C7319C /* AppDelegate.h */ = {isa = PBXFileReference; lastKnownFileType = sourcecode.c.h; path = AppDelegate.h; sourceTree = "<group>"; };
		762F0556150502DD00C7319C /* AppDelegate.m */ = {isa = PBXFileReference; lastKnownFileType = sourcecode.c.objc; path = AppDelegate.m; sourceTree = "<group>"; };
		762F055E150502DD00C7319C /* ViewController.h */ = {isa = PBXFileReference; lastKnownFileType = sourcecode.c.h; path = ViewController.h; sourceTree = "<group>"; };
		762F055F150502DD00C7319C /* ViewController.m */ = {isa = PBXFileReference; lastKnownFileType = sourcecode.c.objc; path = ViewController.m; sourceTree = "<group>"; };
		762F0566150502DD00C7319C /* FBDevStoryTests.octest */ = {isa = PBXFileReference; explicitFileType = wrapper.cfbundle; includeInIndex = 0; path = FBDevStoryTests.octest; sourceTree = BUILT_PRODUCTS_DIR; };
		762F0567150502DD00C7319C /* SenTestingKit.framework */ = {isa = PBXFileReference; lastKnownFileType = wrapper.framework; name = SenTestingKit.framework; path = Library/Frameworks/SenTestingKit.framework; sourceTree = DEVELOPER_DIR; };
		762F056F150502DD00C7319C /* FBDevStoryTests-Info.plist */ = {isa = PBXFileReference; lastKnownFileType = text.plist.xml; path = "FBDevStoryTests-Info.plist"; sourceTree = "<group>"; };
		762F0571150502DD00C7319C /* en */ = {isa = PBXFileReference; lastKnownFileType = text.plist.strings; name = en; path = en.lproj/InfoPlist.strings; sourceTree = "<group>"; };
		762F0573150502DD00C7319C /* FacebookDevStoryTests.h */ = {isa = PBXFileReference; lastKnownFileType = sourcecode.c.h; path = FacebookDevStoryTests.h; sourceTree = "<group>"; };
		762F0574150502DD00C7319C /* FacebookDevStoryTests.m */ = {isa = PBXFileReference; lastKnownFileType = sourcecode.c.objc; path = FacebookDevStoryTests.m; sourceTree = "<group>"; };
		762F05831505042900C7319C /* Facebook.h */ = {isa = PBXFileReference; fileEncoding = 4; lastKnownFileType = sourcecode.c.h; path = Facebook.h; sourceTree = "<group>"; };
		762F05841505042900C7319C /* FBConnect.h */ = {isa = PBXFileReference; fileEncoding = 4; lastKnownFileType = sourcecode.c.h; path = FBConnect.h; sourceTree = "<group>"; };
		762F05851505042900C7319C /* FBDialog.bundle */ = {isa = PBXFileReference; lastKnownFileType = "wrapper.plug-in"; path = FBDialog.bundle; sourceTree = "<group>"; };
		762F05861505042900C7319C /* FBDialog.h */ = {isa = PBXFileReference; fileEncoding = 4; lastKnownFileType = sourcecode.c.h; path = FBDialog.h; sourceTree = "<group>"; };
		762F05871505042900C7319C /* FBFrictionlessRequestSettings.h */ = {isa = PBXFileReference; fileEncoding = 4; lastKnownFileType = sourcecode.c.h; path = FBFrictionlessRequestSettings.h; sourceTree = "<group>"; };
		762F05881505042900C7319C /* FBLoginDialog.h */ = {isa = PBXFileReference; fileEncoding = 4; lastKnownFileType = sourcecode.c.h; path = FBLoginDialog.h; sourceTree = "<group>"; };
		762F05891505042900C7319C /* FBRequest.h */ = {isa = PBXFileReference; fileEncoding = 4; lastKnownFileType = sourcecode.c.h; path = FBRequest.h; sourceTree = "<group>"; };
		762F058A1505042900C7319C /* JSON.h */ = {isa = PBXFileReference; fileEncoding = 4; lastKnownFileType = sourcecode.c.h; path = JSON.h; sourceTree = "<group>"; };
		762F058B1505042900C7319C /* libfacebook_ios_sdk.a */ = {isa = PBXFileReference; lastKnownFileType = archive.ar; path = libfacebook_ios_sdk.a; sourceTree = "<group>"; };
		762F058C1505042900C7319C /* NSObject+SBJSON.h */ = {isa = PBXFileReference; fileEncoding = 4; lastKnownFileType = sourcecode.c.h; path = "NSObject+SBJSON.h"; sourceTree = "<group>"; };
		762F058D1505042900C7319C /* NSString+SBJSON.h */ = {isa = PBXFileReference; fileEncoding = 4; lastKnownFileType = sourcecode.c.h; path = "NSString+SBJSON.h"; sourceTree = "<group>"; };
		762F058E1505042900C7319C /* SBJSON.h */ = {isa = PBXFileReference; fileEncoding = 4; lastKnownFileType = sourcecode.c.h; path = SBJSON.h; sourceTree = "<group>"; };
		762F058F1505042900C7319C /* SBJsonBase.h */ = {isa = PBXFileReference; fileEncoding = 4; lastKnownFileType = sourcecode.c.h; path = SBJsonBase.h; sourceTree = "<group>"; };
		762F05901505042900C7319C /* SBJsonParser.h */ = {isa = PBXFileReference; fileEncoding = 4; lastKnownFileType = sourcecode.c.h; path = SBJsonParser.h; sourceTree = "<group>"; };
		762F05911505042900C7319C /* SBJsonWriter.h */ = {isa = PBXFileReference; fileEncoding = 4; lastKnownFileType = sourcecode.c.h; path = SBJsonWriter.h; sourceTree = "<group>"; };
		BF8CE274150512EE005E5D9D /* GameKit.framework */ = {isa = PBXFileReference; lastKnownFileType = wrapper.framework; name = GameKit.framework; path = System/Library/Frameworks/GameKit.framework; sourceTree = SDKROOT; };
		BF8CE277150512F2005E5D9D /* OpenGLES.framework */ = {isa = PBXFileReference; lastKnownFileType = wrapper.framework; name = OpenGLES.framework; path = System/Library/Frameworks/OpenGLES.framework; sourceTree = SDKROOT; };
		BF8CE2791505137C005E5D9D /* GLKit.framework */ = {isa = PBXFileReference; lastKnownFileType = wrapper.framework; name = GLKit.framework; path = System/Library/Frameworks/GLKit.framework; sourceTree = SDKROOT; };
		BF8CE27C15051462005E5D9D /* en */ = {isa = PBXFileReference; lastKnownFileType = file.xib; name = en; path = en.lproj/ViewController_iPad.xib; sourceTree = "<group>"; };
		BF8CE27E15051462005E5D9D /* en */ = {isa = PBXFileReference; lastKnownFileType = file.xib; name = en; path = en.lproj/ViewController_iPhone.xib; sourceTree = "<group>"; };
		BFB405FD15051B09008E58D8 /* blue.png */ = {isa = PBXFileReference; lastKnownFileType = image.png; name = blue.png; path = img/blue.png; sourceTree = "<group>"; };
		BFB405FE15051B09008E58D8 /* green.png */ = {isa = PBXFileReference; lastKnownFileType = image.png; name = green.png; path = img/green.png; sourceTree = "<group>"; };
		BFB405FF15051B09008E58D8 /* happy.png */ = {isa = PBXFileReference; lastKnownFileType = image.png; name = happy.png; path = img/happy.png; sourceTree = "<group>"; };
		BFB4060015051B09008E58D8 /* red.png */ = {isa = PBXFileReference; lastKnownFileType = image.png; name = red.png; path = img/red.png; sourceTree = "<group>"; };
		BFB4060115051B09008E58D8 /* sad.png */ = {isa = PBXFileReference; lastKnownFileType = image.png; name = sad.png; path = img/sad.png; sourceTree = "<group>"; };
/* End PBXFileReference section */

/* Begin PBXFrameworksBuildPhase section */
		762F053F150502DD00C7319C /* Frameworks */ = {
			isa = PBXFrameworksBuildPhase;
			buildActionMask = 2147483647;
			files = (
				BF8CE27A1505137C005E5D9D /* GLKit.framework in Frameworks */,
				BF8CE278150512F2005E5D9D /* OpenGLES.framework in Frameworks */,
				762F0547150502DD00C7319C /* UIKit.framework in Frameworks */,
				762F0549150502DD00C7319C /* Foundation.framework in Frameworks */,
				762F054B150502DD00C7319C /* CoreGraphics.framework in Frameworks */,
				762F05931505042900C7319C /* libfacebook_ios_sdk.a in Frameworks */,
			);
			runOnlyForDeploymentPostprocessing = 0;
		};
		762F0562150502DD00C7319C /* Frameworks */ = {
			isa = PBXFrameworksBuildPhase;
			buildActionMask = 2147483647;
			files = (
				762F0568150502DD00C7319C /* SenTestingKit.framework in Frameworks */,
				762F0569150502DD00C7319C /* UIKit.framework in Frameworks */,
				762F056A150502DD00C7319C /* Foundation.framework in Frameworks */,
			);
			runOnlyForDeploymentPostprocessing = 0;
		};
/* End PBXFrameworksBuildPhase section */

/* Begin PBXGroup section */
		762F0537150502DD00C7319C = {
			isa = PBXGroup;
			children = (
				BFB405FB15051AEB008E58D8 /* img */,
				BF8CE2791505137C005E5D9D /* GLKit.framework */,
				BF8CE277150512F2005E5D9D /* OpenGLES.framework */,
				BF8CE274150512EE005E5D9D /* GameKit.framework */,
				762F05821505042900C7319C /* facebook-ios-sdk */,
				762F054C150502DD00C7319C /* FacebookDevStory */,
				762F056D150502DD00C7319C /* FacebookDevStoryTests */,
				762F0545150502DD00C7319C /* Frameworks */,
				762F0543150502DD00C7319C /* Products */,
			);
			sourceTree = "<group>";
		};
		762F0543150502DD00C7319C /* Products */ = {
			isa = PBXGroup;
			children = (
				762F0542150502DD00C7319C /* FBDevStory.app */,
				762F0566150502DD00C7319C /* FBDevStoryTests.octest */,
			);
			name = Products;
			sourceTree = "<group>";
		};
		762F0545150502DD00C7319C /* Frameworks */ = {
			isa = PBXGroup;
			children = (
				762F0546150502DD00C7319C /* UIKit.framework */,
				762F0548150502DD00C7319C /* Foundation.framework */,
				762F054A150502DD00C7319C /* CoreGraphics.framework */,
				762F0567150502DD00C7319C /* SenTestingKit.framework */,
			);
			name = Frameworks;
			sourceTree = "<group>";
		};
		762F054C150502DD00C7319C /* FacebookDevStory */ = {
			isa = PBXGroup;
			children = (
				762F0555150502DD00C7319C /* AppDelegate.h */,
				762F0556150502DD00C7319C /* AppDelegate.m */,
				762F055E150502DD00C7319C /* ViewController.h */,
				762F055F150502DD00C7319C /* ViewController.m */,
				762F054D150502DD00C7319C /* Supporting Files */,
			);
			path = FacebookDevStory;
			sourceTree = "<group>";
		};
		762F054D150502DD00C7319C /* Supporting Files */ = {
			isa = PBXGroup;
			children = (
				BF8CE27B15051462005E5D9D /* ViewController_iPad.xib */,
				BF8CE27D15051462005E5D9D /* ViewController_iPhone.xib */,
				762F054E150502DD00C7319C /* FBDevStory-Info.plist */,
				762F054F150502DD00C7319C /* InfoPlist.strings */,
				762F0552150502DD00C7319C /* main.m */,
				762F0554150502DD00C7319C /* FBDevStory-Prefix.pch */,
			);
			name = "Supporting Files";
			sourceTree = "<group>";
		};
		762F056D150502DD00C7319C /* FacebookDevStoryTests */ = {
			isa = PBXGroup;
			children = (
				762F0573150502DD00C7319C /* FacebookDevStoryTests.h */,
				762F0574150502DD00C7319C /* FacebookDevStoryTests.m */,
				762F056E150502DD00C7319C /* Supporting Files */,
			);
			path = FacebookDevStoryTests;
			sourceTree = "<group>";
		};
		762F056E150502DD00C7319C /* Supporting Files */ = {
			isa = PBXGroup;
			children = (
				762F056F150502DD00C7319C /* FBDevStoryTests-Info.plist */,
				762F0570150502DD00C7319C /* InfoPlist.strings */,
			);
			name = "Supporting Files";
			sourceTree = "<group>";
		};
		762F05821505042900C7319C /* facebook-ios-sdk */ = {
			isa = PBXGroup;
			children = (
				762F05831505042900C7319C /* Facebook.h */,
				762F05841505042900C7319C /* FBConnect.h */,
				762F05851505042900C7319C /* FBDialog.bundle */,
				762F05861505042900C7319C /* FBDialog.h */,
				762F05871505042900C7319C /* FBFrictionlessRequestSettings.h */,
				762F05881505042900C7319C /* FBLoginDialog.h */,
				762F05891505042900C7319C /* FBRequest.h */,
				762F058A1505042900C7319C /* JSON.h */,
				762F058B1505042900C7319C /* libfacebook_ios_sdk.a */,
				762F058C1505042900C7319C /* NSObject+SBJSON.h */,
				762F058D1505042900C7319C /* NSString+SBJSON.h */,
				762F058E1505042900C7319C /* SBJSON.h */,
				762F058F1505042900C7319C /* SBJsonBase.h */,
				762F05901505042900C7319C /* SBJsonParser.h */,
				762F05911505042900C7319C /* SBJsonWriter.h */,
			);
			path = "facebook-ios-sdk";
			sourceTree = "<group>";
		};
		BFB405FB15051AEB008E58D8 /* img */ = {
			isa = PBXGroup;
			children = (
				BFB405FD15051B09008E58D8 /* blue.png */,
				BFB405FE15051B09008E58D8 /* green.png */,
				BFB405FF15051B09008E58D8 /* happy.png */,
				BFB4060015051B09008E58D8 /* red.png */,
				BFB4060115051B09008E58D8 /* sad.png */,
			);
			name = img;
			sourceTree = "<group>";
		};
/* End PBXGroup section */

/* Begin PBXNativeTarget section */
		762F0541150502DD00C7319C /* FBDevStory */ = {
			isa = PBXNativeTarget;
			buildConfigurationList = 762F0578150502DD00C7319C /* Build configuration list for PBXNativeTarget "FBDevStory" */;
			buildPhases = (
				762F053E150502DD00C7319C /* Sources */,
				762F053F150502DD00C7319C /* Frameworks */,
				762F0540150502DD00C7319C /* Resources */,
			);
			buildRules = (
			);
			dependencies = (
			);
			name = FBDevStory;
			productName = FacebookDevStory;
			productReference = 762F0542150502DD00C7319C /* FBDevStory.app */;
			productType = "com.apple.product-type.application";
		};
		762F0565150502DD00C7319C /* FBDevStoryTests */ = {
			isa = PBXNativeTarget;
			buildConfigurationList = 762F057B150502DD00C7319C /* Build configuration list for PBXNativeTarget "FBDevStoryTests" */;
			buildPhases = (
				762F0561150502DD00C7319C /* Sources */,
				762F0562150502DD00C7319C /* Frameworks */,
				762F0563150502DD00C7319C /* Resources */,
				762F0564150502DD00C7319C /* ShellScript */,
			);
			buildRules = (
			);
			dependencies = (
				762F056C150502DD00C7319C /* PBXTargetDependency */,
			);
			name = FBDevStoryTests;
			productName = FacebookDevStoryTests;
			productReference = 762F0566150502DD00C7319C /* FBDevStoryTests.octest */;
			productType = "com.apple.product-type.bundle";
		};
/* End PBXNativeTarget section */

/* Begin PBXProject section */
		762F0539150502DD00C7319C /* Project object */ = {
			isa = PBXProject;
			attributes = {
				LastUpgradeCheck = 0420;
			};
			buildConfigurationList = 762F053C150502DD00C7319C /* Build configuration list for PBXProject "FBDevStory" */;
			compatibilityVersion = "Xcode 3.2";
			developmentRegion = English;
			hasScannedForEncodings = 0;
			knownRegions = (
				en,
			);
			mainGroup = 762F0537150502DD00C7319C;
			productRefGroup = 762F0543150502DD00C7319C /* Products */;
			projectDirPath = "";
			projectRoot = "";
			targets = (
				762F0541150502DD00C7319C /* FBDevStory */,
				762F0565150502DD00C7319C /* FBDevStoryTests */,
			);
		};
/* End PBXProject section */

/* Begin PBXResourcesBuildPhase section */
		762F0540150502DD00C7319C /* Resources */ = {
			isa = PBXResourcesBuildPhase;
			buildActionMask = 2147483647;
			files = (
				762F0551150502DD00C7319C /* InfoPlist.strings in Resources */,
				762F05921505042900C7319C /* FBDialog.bundle in Resources */,
				BF8CE27F15051462005E5D9D /* ViewController_iPad.xib in Resources */,
				BF8CE28015051462005E5D9D /* ViewController_iPhone.xib in Resources */,
				BFB4060215051B09008E58D8 /* blue.png in Resources */,
				BFB4060315051B09008E58D8 /* green.png in Resources */,
				BFB4060415051B09008E58D8 /* happy.png in Resources */,
				BFB4060515051B09008E58D8 /* red.png in Resources */,
				BFB4060615051B09008E58D8 /* sad.png in Resources */,
			);
			runOnlyForDeploymentPostprocessing = 0;
		};
		762F0563150502DD00C7319C /* Resources */ = {
			isa = PBXResourcesBuildPhase;
			buildActionMask = 2147483647;
			files = (
				762F0572150502DD00C7319C /* InfoPlist.strings in Resources */,
			);
			runOnlyForDeploymentPostprocessing = 0;
		};
/* End PBXResourcesBuildPhase section */

/* Begin PBXShellScriptBuildPhase section */
		762F0564150502DD00C7319C /* ShellScript */ = {
			isa = PBXShellScriptBuildPhase;
			buildActionMask = 2147483647;
			files = (
			);
			inputPaths = (
			);
			outputPaths = (
			);
			runOnlyForDeploymentPostprocessing = 0;
			shellPath = /bin/sh;
			shellScript = "# Run the unit tests in this test bundle.\n\"${SYSTEM_DEVELOPER_DIR}/Tools/RunUnitTests\"\n";
		};
/* End PBXShellScriptBuildPhase section */

/* Begin PBXSourcesBuildPhase section */
		762F053E150502DD00C7319C /* Sources */ = {
			isa = PBXSourcesBuildPhase;
			buildActionMask = 2147483647;
			files = (
				762F0553150502DD00C7319C /* main.m in Sources */,
				762F0557150502DD00C7319C /* AppDelegate.m in Sources */,
				762F0560150502DD00C7319C /* ViewController.m in Sources */,
			);
			runOnlyForDeploymentPostprocessing = 0;
		};
		762F0561150502DD00C7319C /* Sources */ = {
			isa = PBXSourcesBuildPhase;
			buildActionMask = 2147483647;
			files = (
				762F0575150502DD00C7319C /* FacebookDevStoryTests.m in Sources */,
			);
			runOnlyForDeploymentPostprocessing = 0;
		};
/* End PBXSourcesBuildPhase section */

/* Begin PBXTargetDependency section */
		762F056C150502DD00C7319C /* PBXTargetDependency */ = {
			isa = PBXTargetDependency;
			target = 762F0541150502DD00C7319C /* FBDevStory */;
			targetProxy = 762F056B150502DD00C7319C /* PBXContainerItemProxy */;
		};
/* End PBXTargetDependency section */

/* Begin PBXVariantGroup section */
		762F054F150502DD00C7319C /* InfoPlist.strings */ = {
			isa = PBXVariantGroup;
			children = (
				762F0550150502DD00C7319C /* en */,
			);
			name = InfoPlist.strings;
			sourceTree = "<group>";
		};
		762F0570150502DD00C7319C /* InfoPlist.strings */ = {
			isa = PBXVariantGroup;
			children = (
				762F0571150502DD00C7319C /* en */,
			);
			name = InfoPlist.strings;
			sourceTree = "<group>";
		};
		BF8CE27B15051462005E5D9D /* ViewController_iPad.xib */ = {
			isa = PBXVariantGroup;
			children = (
				BF8CE27C15051462005E5D9D /* en */,
			);
			name = ViewController_iPad.xib;
			sourceTree = "<group>";
		};
		BF8CE27D15051462005E5D9D /* ViewController_iPhone.xib */ = {
			isa = PBXVariantGroup;
			children = (
				BF8CE27E15051462005E5D9D /* en */,
			);
			name = ViewController_iPhone.xib;
			sourceTree = "<group>";
		};
/* End PBXVariantGroup section */

/* Begin XCBuildConfiguration section */
		762F0576150502DD00C7319C /* Debug */ = {
			isa = XCBuildConfiguration;
			buildSettings = {
				ALWAYS_SEARCH_USER_PATHS = NO;
				ARCHS = "$(ARCHS_STANDARD_32_BIT)";
				CLANG_ENABLE_OBJC_ARC = NO;
				"CODE_SIGN_IDENTITY[sdk=iphoneos*]" = "iPhone Developer";
				COPY_PHASE_STRIP = NO;
				GCC_C_LANGUAGE_STANDARD = gnu99;
				GCC_DYNAMIC_NO_PIC = NO;
				GCC_OPTIMIZATION_LEVEL = 0;
				GCC_PREPROCESSOR_DEFINITIONS = (
					"DEBUG=1",
					"$(inherited)",
				);
				GCC_SYMBOLS_PRIVATE_EXTERN = NO;
				GCC_VERSION = com.apple.compilers.llvm.clang.1_0;
				GCC_WARN_ABOUT_MISSING_PROTOTYPES = YES;
				GCC_WARN_ABOUT_RETURN_TYPE = YES;
				GCC_WARN_UNUSED_VARIABLE = YES;
				IPHONEOS_DEPLOYMENT_TARGET = 5.0;
				SDKROOT = iphoneos;
				TARGETED_DEVICE_FAMILY = "1,2";
			};
			name = Debug;
		};
		762F0577150502DD00C7319C /* Release */ = {
			isa = XCBuildConfiguration;
			buildSettings = {
				ALWAYS_SEARCH_USER_PATHS = NO;
				ARCHS = "$(ARCHS_STANDARD_32_BIT)";
				CLANG_ENABLE_OBJC_ARC = NO;
				"CODE_SIGN_IDENTITY[sdk=iphoneos*]" = "iPhone Developer";
				COPY_PHASE_STRIP = YES;
				GCC_C_LANGUAGE_STANDARD = gnu99;
				GCC_VERSION = com.apple.compilers.llvm.clang.1_0;
				GCC_WARN_ABOUT_MISSING_PROTOTYPES = YES;
				GCC_WARN_ABOUT_RETURN_TYPE = YES;
				GCC_WARN_UNUSED_VARIABLE = YES;
				IPHONEOS_DEPLOYMENT_TARGET = 5.0;
				OTHER_CFLAGS = "-DNS_BLOCK_ASSERTIONS=1";
				SDKROOT = iphoneos;
				TARGETED_DEVICE_FAMILY = "1,2";
				VALIDATE_PRODUCT = YES;
			};
			name = Release;
		};
		762F0579150502DD00C7319C /* Debug */ = {
			isa = XCBuildConfiguration;
			buildSettings = {
				GCC_PRECOMPILE_PREFIX_HEADER = YES;
				GCC_PREFIX_HEADER = "FacebookDevStory/FBDevStory-Prefix.pch";
				INFOPLIST_FILE = "FacebookDevStory/FBDevStory-Info.plist";
				LIBRARY_SEARCH_PATHS = (
					"$(inherited)",
					"\"$(SRCROOT)/facebook-ios-sdk\"",
				);
				PRODUCT_NAME = FBDevStory;
				WRAPPER_EXTENSION = app;
			};
			name = Debug;
		};
		762F057A150502DD00C7319C /* Release */ = {
			isa = XCBuildConfiguration;
			buildSettings = {
				GCC_PRECOMPILE_PREFIX_HEADER = YES;
				GCC_PREFIX_HEADER = "FacebookDevStory/FBDevStory-Prefix.pch";
				INFOPLIST_FILE = "FacebookDevStory/FBDevStory-Info.plist";
				LIBRARY_SEARCH_PATHS = (
					"$(inherited)",
					"\"$(SRCROOT)/facebook-ios-sdk\"",
				);
				PRODUCT_NAME = FBDevStory;
				WRAPPER_EXTENSION = app;
			};
			name = Release;
		};
		762F057C150502DD00C7319C /* Debug */ = {
			isa = XCBuildConfiguration;
			buildSettings = {
				BUNDLE_LOADER = "$(BUILT_PRODUCTS_DIR)/FacebookDevStory.app/FacebookDevStory";
				FRAMEWORK_SEARCH_PATHS = (
					"$(SDKROOT)/Developer/Library/Frameworks",
					"$(DEVELOPER_LIBRARY_DIR)/Frameworks",
				);
				GCC_PRECOMPILE_PREFIX_HEADER = YES;
				GCC_PREFIX_HEADER = "FacebookDevStory/FacebookDevStory-Prefix.pch";
				INFOPLIST_FILE = "FacebookDevStoryTests/FBDevStoryTests-Info.plist";
				PRODUCT_NAME = FBDevStoryTests;
				TEST_HOST = "$(BUNDLE_LOADER)";
				WRAPPER_EXTENSION = octest;
			};
			name = Debug;
		};
		762F057D150502DD00C7319C /* Release */ = {
			isa = XCBuildConfiguration;
			buildSettings = {
				BUNDLE_LOADER = "$(BUILT_PRODUCTS_DIR)/FacebookDevStory.app/FacebookDevStory";
				FRAMEWORK_SEARCH_PATHS = (
					"$(SDKROOT)/Developer/Library/Frameworks",
					"$(DEVELOPER_LIBRARY_DIR)/Frameworks",
				);
				GCC_PRECOMPILE_PREFIX_HEADER = YES;
				GCC_PREFIX_HEADER = "FacebookDevStory/FacebookDevStory-Prefix.pch";
				INFOPLIST_FILE = "FacebookDevStoryTests/FBDevStoryTests-Info.plist";
				PRODUCT_NAME = FBDevStoryTests;
				TEST_HOST = "$(BUNDLE_LOADER)";
				WRAPPER_EXTENSION = octest;
			};
			name = Release;
		};
/* End XCBuildConfiguration section */

/* Begin XCConfigurationList section */
		762F053C150502DD00C7319C /* Build configuration list for PBXProject "FBDevStory" */ = {
			isa = XCConfigurationList;
			buildConfigurations = (
				762F0576150502DD00C7319C /* Debug */,
				762F0577150502DD00C7319C /* Release */,
			);
			defaultConfigurationIsVisible = 0;
			defaultConfigurationName = Release;
		};
		762F0578150502DD00C7319C /* Build configuration list for PBXNativeTarget "FBDevStory" */ = {
			isa = XCConfigurationList;
			buildConfigurations = (
				762F0579150502DD00C7319C /* Debug */,
				762F057A150502DD00C7319C /* Release */,
			);
			defaultConfigurationIsVisible = 0;
			defaultConfigurationName = Release;
		};
		762F057B150502DD00C7319C /* Build configuration list for PBXNativeTarget "FBDevStoryTests" */ = {
			isa = XCConfigurationList;
			buildConfigurations = (
				762F057C150502DD00C7319C /* Debug */,
				762F057D150502DD00C7319C /* Release */,
			);
			defaultConfigurationIsVisible = 0;
			defaultConfigurationName = Release;
		};
/* End XCConfigurationList section */
	};
	rootObject = 762F0539150502DD00C7319C /* Project object */;
}
